{
  "version": 2,
  "dependencies": {
    "net10.0": {
      "System.IdentityModel.Tokens.Jwt": {
        "type": "Direct",
        "requested": "[8.20.0, )",
        "resolved": "8.20.0",
        "contentHash": "ko0lxRtjOAczLXf5Ga3sQD6s6zW/7QgBUjTU3dVh64c7Xfruq3OiHZGAh/+bJjkd7xxUC1vExup0GuXKUQQqRw==",
        "dependencies": {
          "Microsoft.IdentityModel.JsonWebTokens": "8.20.0",
          "Microsoft.IdentityModel.Tokens": "8.20.0"
        }
      },
      "Microsoft.Bcl.Cryptography": {
        "type": "Transitive",
        "resolved": "10.0.2",
        "contentHash": "LG9Yll3B5aNpxv0+D47g6LiOiKBIlodhcHdQwcYzo8VeexFLGqx5ymetmA2aBRyo9cCcWsQWrFsdbsr8LvmWDw=="
      },
      "Microsoft.IdentityModel.Abstractions": {
        "type": "Transitive",
        "resolved": "8.20.0",
        "contentHash": "2YrBraNn8E5lLXamv0ccIM6PtGrv4GA46lNNIzw3d3M3CJ177iHiSXKEjUjy+s9aKsodjFTi4i8h5gGG12wiAA=="
      },
      "Microsoft.IdentityModel.JsonWebTokens": {
        "type": "Transitive",
        "resolved": "8.20.0",
        "contentHash": "CZn9vwacbFkFEsYQ09zD0UQo4Ti14xmLbYzak34KODqvd3vFx5d7Suh+SdnWWQZ0hkoWaHk/XYdJrRWBKn2I3g==",
        "dependencies": {
          "Microsoft.IdentityModel.Tokens": "8.20.0"
        }
      },
      "Microsoft.IdentityModel.Logging": {
        "type": "Transitive",
        "resolved": "8.20.0",
        "contentHash": "lSFZ7xwtaZtBvsXHJacUdWteZLrmRw6KCAfN0mWCqQ29DRzewIWIbt54lQOtooa1VQZevnw6ooy64FfWOUliIQ==",
        "dependencies": {
          "Microsoft.IdentityModel.Abstractions": "8.20.0"
        }
      },
      "Microsoft.IdentityModel.Tokens": {
        "type": "Transitive",
        "resolved": "8.20.0",
        "contentHash": "wjnhcOJNRX7mGEhTfKNsmEB0q3eHOadLP4vsoyj4e5GH0uVBRbulTvUsGGQYi6nMAOj+o6AF36naEpGpnP5EWw==",
        "dependencies": {
          "Microsoft.Bcl.Cryptography": "10.0.2",
          "Microsoft.IdentityModel.Logging": "8.20.0"
        }
      }
    }
  }
}