{
  "version": 2,
  "dependencies": {
    "net10.0": {
      "System.IdentityModel.Tokens.Jwt": {
        "type": "Direct",
        "requested": "[8.19.1, )",
        "resolved": "8.19.1",
        "contentHash": "2VHcRtT95GAcW1E3aVBLvL2rAAMxKHXKMXKXFyWzwgkdFXZPMMvP8tVOfnRydL4vTr1RirNuGC6T8VSEF2YsPQ==",
        "dependencies": {
          "Microsoft.IdentityModel.JsonWebTokens": "8.19.1",
          "Microsoft.IdentityModel.Tokens": "8.19.1"
        }
      },
      "Microsoft.Bcl.Cryptography": {
        "type": "Transitive",
        "resolved": "10.0.2",
        "contentHash": "LG9Yll3B5aNpxv0+D47g6LiOiKBIlodhcHdQwcYzo8VeexFLGqx5ymetmA2aBRyo9cCcWsQWrFsdbsr8LvmWDw=="
      },
      "Microsoft.IdentityModel.Abstractions": {
        "type": "Transitive",
        "resolved": "8.19.1",
        "contentHash": "gFA8THIk23uNF/vMdOHnjIdXD1LyA2g12cHzMJ+Xag6WpgWLw6E/6uCXxvA0gp9d2yAvkRt3xzFzMUiO/hofnQ=="
      },
      "Microsoft.IdentityModel.JsonWebTokens": {
        "type": "Transitive",
        "resolved": "8.19.1",
        "contentHash": "6eeY+y2QFyjj3XnCz/8gJdoP5smYHTS9ow1bw2nsZzDIPjPhBZlackYTIduSMipVpxnoT/B62LkrXX2jPggOXg==",
        "dependencies": {
          "Microsoft.IdentityModel.Tokens": "8.19.1"
        }
      },
      "Microsoft.IdentityModel.Logging": {
        "type": "Transitive",
        "resolved": "8.19.1",
        "contentHash": "H+sMrMpdbWnwkQnpb/ESkQovtOgdefmj0ecGCcP40mDKzE5i4dUYkH6599M9mWYFNGNJnTp92l/9wLubYXWimw==",
        "dependencies": {
          "Microsoft.IdentityModel.Abstractions": "8.19.1"
        }
      },
      "Microsoft.IdentityModel.Tokens": {
        "type": "Transitive",
        "resolved": "8.19.1",
        "contentHash": "KDiuSLXud2AFVNAOottd8ztVysfPeHyr4r8gofU3/VKUXlI7oytzGTnPsNJ/B3nui17rgz8wAdWNJOtzPjkUxw==",
        "dependencies": {
          "Microsoft.Bcl.Cryptography": "10.0.2",
          "Microsoft.IdentityModel.Logging": "8.19.1"
        }
      }
    }
  }
}