{
  "version": 2,
  "dependencies": {
    "net10.0": {
      "System.IdentityModel.Tokens.Jwt": {
        "type": "Direct",
        "requested": "[8.21.0, )",
        "resolved": "8.21.0",
        "contentHash": "dKsTkmlpUf/I6g1Aw9joWaZAahXvC0gWGQvkXW1IjZLSefC/4LhQI0tL0VIs64/NZQbl4XnQvLQyu6c7z1pMxg==",
        "dependencies": {
          "Microsoft.IdentityModel.JsonWebTokens": "8.21.0",
          "Microsoft.IdentityModel.Tokens": "8.21.0"
        }
      },
      "Microsoft.Bcl.Cryptography": {
        "type": "Transitive",
        "resolved": "10.0.2",
        "contentHash": "LG9Yll3B5aNpxv0+D47g6LiOiKBIlodhcHdQwcYzo8VeexFLGqx5ymetmA2aBRyo9cCcWsQWrFsdbsr8LvmWDw=="
      },
      "Microsoft.IdentityModel.Abstractions": {
        "type": "Transitive",
        "resolved": "8.21.0",
        "contentHash": "XYgEmYpUvng0oYIagDJ+uebboQSnWtCV7q9zMyXlBw6ZqLLCHcmGUb7TpXvQ3HWY4OzbOCUQm2Ac0saPSnwqSw=="
      },
      "Microsoft.IdentityModel.JsonWebTokens": {
        "type": "Transitive",
        "resolved": "8.21.0",
        "contentHash": "iiA5uimwlRe4Drd8YKOaB8IQkgGOjxGjO6mu5zCGFjaEBpB6yNOluZ33zJFXiW5MQYRC6ypMnOXsiR5SPrO+tw==",
        "dependencies": {
          "Microsoft.IdentityModel.Tokens": "8.21.0"
        }
      },
      "Microsoft.IdentityModel.Logging": {
        "type": "Transitive",
        "resolved": "8.21.0",
        "contentHash": "LgIWUUX386xCbvjq2ex8iXGIu2raDWrrIQ4OyYZKaNWMhzvN8YOTbAYMFJC+iHmKnkNBM8g7mLak9KQodldH3g==",
        "dependencies": {
          "Microsoft.IdentityModel.Abstractions": "8.21.0"
        }
      },
      "Microsoft.IdentityModel.Tokens": {
        "type": "Transitive",
        "resolved": "8.21.0",
        "contentHash": "xFnFEl4VrhAJEbqtRrpgfAACgkm6NYo7cWYKYROH00N9/M5OYrRwTP0lHsginnLrqPrseLcSqAueQNRCyGNsdw==",
        "dependencies": {
          "Microsoft.Bcl.Cryptography": "10.0.2",
          "Microsoft.IdentityModel.Logging": "8.21.0"
        }
      }
    }
  }
}